
Microsoft Visual Studio Solution File, Format Version 12.00
# Visual Studio Version 17
VisualStudioVersion = 17.0.31903.59
MinimumVisualStudioVersion = 10.0.40219.1
Project("{9A19103F-16F7-4668-BE54-9A1E7A4F7556}") = "Regis.Pay.Api", "src\Regis.Pay.Api\Regis.Pay.Api.csproj", "{0912A8F9-E884-48E2-BB1A-A13CD87FFE92}"
EndProject
Project("{2150E333-8FDC-42A3-9474-1A3956D46DE8}") = "src", "src", "{4BAB472A-DFBB-4C28-AFD7-6757CEB7D13E}"
EndProject
Project("{9A19103F-16F7-4668-BE54-9A1E7A4F7556}") = "Regis.Pay.ChangeFeed", "src\Regis.Pay.ChangeFeed\Regis.Pay.ChangeFeed.csproj", "{BD3754AD-E7DB-476D-9DCD-2CCC8C29329A}"
EndProject
Project("{9A19103F-16F7-4668-BE54-9A1E7A4F7556}") = "Regis.Pay.EventConsumer", "src\Regis.Pay.EventConsumer\Regis.Pay.EventConsumer.csproj", "{0E07E900-C3F9-4B1C-B081-F1182ED15EAB}"
EndProject
Project("{2150E333-8FDC-42A3-9474-1A3956D46DE8}") = "test", "test", "{E39135D1-F3C9-4C4F-A37D-87D46BE276CC}"
EndProject
Project("{9A19103F-16F7-4668-BE54-9A1E7A4F7556}") = "Regis.Pay.Api.UnitTests", "test\Regis.Pay.Api.UnitTests\Regis.Pay.Api.UnitTests.csproj", "{EF629378-021B-44F5-8188-3289F1FDEC84}"
EndProject
Project("{9A19103F-16F7-4668-BE54-9A1E7A4F7556}") = "Regis.Pay.Api.ComponentTests", "test\Regis.Pay.Api.ComponentTests\Regis.Pay.Api.ComponentTests.csproj", "{B87C252B-DAB4-4ABB-8835-42705D97E1BD}"
EndProject
Project("{9A19103F-16F7-4668-BE54-9A1E7A4F7556}") = "Regis.Pay.Domain", "src\Regis.Pay.Domain\Regis.Pay.Domain.csproj", "{C4230B68-23BF-4C4A-97EF-A481B0035864}"
EndProject
Project("{9A19103F-16F7-4668-BE54-9A1E7A4F7556}") = "Regis.Pay.Common", "src\Regis.Pay.Common\Regis.Pay.Common.csproj", "{1FCF6D86-2336-4DBE-8653-736BFC229ABD}"
EndProject
Project("{2150E333-8FDC-42A3-9474-1A3956D46DE8}") = "local", "local", "{C6CC9366-E993-4B9A-BBA0-549A1ED8B54C}"
	ProjectSection(SolutionItems) = preProject
		local\payment.http = local\payment.http
	EndProjectSection
EndProject
Project("{9A19103F-16F7-4668-BE54-9A1E7A4F7556}") = "Regis.Pay.ChangeFeed.ComponentTests", "test\Regis.Pay.ChangeFeed.ComponentTests\Regis.Pay.ChangeFeed.ComponentTests.csproj", "{801363BB-D462-409B-AED2-A463732CA2F3}"
EndProject
Project("{9A19103F-16F7-4668-BE54-9A1E7A4F7556}") = "Regis.Pay.ChangeFeed.UnitTests", "test\Regis.Pay.ChangeFeed.UnitTests\Regis.Pay.ChangeFeed.UnitTests.csproj", "{40CAC8EA-F4E1-46E7-A897-91E5AA21760E}"
EndProject
Project("{9A19103F-16F7-4668-BE54-9A1E7A4F7556}") = "Regis.Pay.EventConsumer.ComponentTests", "test\Regis.Pay.EventConsumer.ComponentTests\Regis.Pay.EventConsumer.ComponentTests.csproj", "{FE8CFE5C-C8B5-41F3-B22F-6E44A24F37B7}"
EndProject
Project("{9A19103F-16F7-4668-BE54-9A1E7A4F7556}") = "Regis.Pay.EventConsumer.UnitTests", "test\Regis.Pay.EventConsumer.UnitTests\Regis.Pay.EventConsumer.UnitTests.csproj", "{FFECBBD1-324A-4112-8B9C-1C5457C1C676}"
EndProject
Project("{9A19103F-16F7-4668-BE54-9A1E7A4F7556}") = "Regis.Pay.LoadTests", "test\Regis.Pay.LoadTests\Regis.Pay.LoadTests.csproj", "{12F3DB15-BE24-4922-8ED4-D6C389A4A561}"
EndProject
Project("{9A19103F-16F7-4668-BE54-9A1E7A4F7556}") = "Regis.Pay.EndToEndTests", "test\Regis.Pay.EndToEndTests\Regis.Pay.EndToEndTests.csproj", "{CDB8AE56-4880-427B-8046-D6B9EA7ECC2F}"
EndProject
Project("{2150E333-8FDC-42A3-9474-1A3956D46DE8}") = "component", "component", "{0EEC5DF4-A667-4121-AFAB-DBFF1938469E}"
EndProject
Project("{2150E333-8FDC-42A3-9474-1A3956D46DE8}") = "unit", "unit", "{289B986F-4CDA-4932-A9A7-92186579766E}"
EndProject
Project("{2150E333-8FDC-42A3-9474-1A3956D46DE8}") = "end2end", "end2end", "{752C059A-F2AF-413A-8777-31B91544C1B3}"
EndProject
Project("{2150E333-8FDC-42A3-9474-1A3956D46DE8}") = "load", "load", "{5BD36F5B-D515-45A4-A510-30012BE529A4}"
EndProject
Project("{2150E333-8FDC-42A3-9474-1A3956D46DE8}") = "integration", "integration", "{65A0ACA5-3C47-48B6-94E5-503AD1597D19}"
EndProject
Project("{9A19103F-16F7-4668-BE54-9A1E7A4F7556}") = "Regis.Pay.IntegrationTests", "test\Regis.Pay.IntegrationTests\Regis.Pay.IntegrationTests.csproj", "{7E0556D3-BDD3-43AC-897C-8A52339BD442}"
EndProject
Project("{2150E333-8FDC-42A3-9474-1A3956D46DE8}") = "application", "application", "{AC8D3EC3-35C1-41D1-80A9-A516B5E9E998}"
EndProject
Project("{9A19103F-16F7-4668-BE54-9A1E7A4F7556}") = "Regis.Pay.Tests.Shared", "test\Regis.Pay.Tests.Shared\Regis.Pay.Tests.Shared.csproj", "{3B8013D1-B427-4500-AD0D-E6DCFF94A7F9}"
EndProject
Project("{FAE04EC0-301F-11D3-BF4B-00C04F79EFBC}") = "Regis.Pay.AppHost", "src\Regis.Pay.Aspire\Regis.Pay.AppHost\Regis.Pay.AppHost.csproj", "{F073CF49-78B0-4711-88C8-8DCD6E43730B}"
EndProject
Project("{FAE04EC0-301F-11D3-BF4B-00C04F79EFBC}") = "Regis.Pay.ServiceDefaults", "src\Regis.Pay.Aspire\Regis.Pay.ServiceDefaults\Regis.Pay.ServiceDefaults.csproj", "{614EFC50-ABA6-3535-F3AF-7FAC87BC1F7F}"
EndProject
Project("{FAE04EC0-301F-11D3-BF4B-00C04F79EFBC}") = "Regis.Pay.Demo", "src\Regis.Pay.Demo\Regis.Pay.Demo.csproj", "{D6DA0A69-05A2-4413-C33F-FAE10CAABCFC}"
EndProject
Project("{FAE04EC0-301F-11D3-BF4B-00C04F79EFBC}") = "Regis.Pay.Mocks", "src\Regis.Pay.Mocks\Regis.Pay.Mocks.csproj", "{BB9BDDC0-51D5-4A84-9CB2-AD1577E3428E}"
EndProject
Global
	GlobalSection(SolutionConfigurationPlatforms) = preSolution
		Debug|Any CPU = Debug|Any CPU
		Release|Any CPU = Release|Any CPU
	EndGlobalSection
	GlobalSection(ProjectConfigurationPlatforms) = postSolution
		{0912A8F9-E884-48E2-BB1A-A13CD87FFE92}.Debug|Any CPU.ActiveCfg = Debug|Any CPU
		{0912A8F9-E884-48E2-BB1A-A13CD87FFE92}.Debug|Any CPU.Build.0 = Debug|Any CPU
		{0912A8F9-E884-48E2-BB1A-A13CD87FFE92}.Release|Any CPU.ActiveCfg = Release|Any CPU
		{0912A8F9-E884-48E2-BB1A-A13CD87FFE92}.Release|Any CPU.Build.0 = Release|Any CPU
		{BD3754AD-E7DB-476D-9DCD-2CCC8C29329A}.Debug|Any CPU.ActiveCfg = Debug|Any CPU
		{BD3754AD-E7DB-476D-9DCD-2CCC8C29329A}.Debug|Any CPU.Build.0 = Debug|Any CPU
		{BD3754AD-E7DB-476D-9DCD-2CCC8C29329A}.Release|Any CPU.ActiveCfg = Release|Any CPU
		{BD3754AD-E7DB-476D-9DCD-2CCC8C29329A}.Release|Any CPU.Build.0 = Release|Any CPU
		{0E07E900-C3F9-4B1C-B081-F1182ED15EAB}.Debug|Any CPU.ActiveCfg = Debug|Any CPU
		{0E07E900-C3F9-4B1C-B081-F1182ED15EAB}.Debug|Any CPU.Build.0 = Debug|Any CPU
		{0E07E900-C3F9-4B1C-B081-F1182ED15EAB}.Release|Any CPU.ActiveCfg = Release|Any CPU
		{0E07E900-C3F9-4B1C-B081-F1182ED15EAB}.Release|Any CPU.Build.0 = Release|Any CPU
		{EF629378-021B-44F5-8188-3289F1FDEC84}.Debug|Any CPU.ActiveCfg = Debug|Any CPU
		{EF629378-021B-44F5-8188-3289F1FDEC84}.Debug|Any CPU.Build.0 = Debug|Any CPU
		{EF629378-021B-44F5-8188-3289F1FDEC84}.Release|Any CPU.ActiveCfg = Release|Any CPU
		{EF629378-021B-44F5-8188-3289F1FDEC84}.Release|Any CPU.Build.0 = Release|Any CPU
		{B87C252B-DAB4-4ABB-8835-42705D97E1BD}.Debug|Any CPU.ActiveCfg = Debug|Any CPU
		{B87C252B-DAB4-4ABB-8835-42705D97E1BD}.Debug|Any CPU.Build.0 = Debug|Any CPU
		{B87C252B-DAB4-4ABB-8835-42705D97E1BD}.Release|Any CPU.ActiveCfg = Release|Any CPU
		{B87C252B-DAB4-4ABB-8835-42705D97E1BD}.Release|Any CPU.Build.0 = Release|Any CPU
		{C4230B68-23BF-4C4A-97EF-A481B0035864}.Debug|Any CPU.ActiveCfg = Debug|Any CPU
		{C4230B68-23BF-4C4A-97EF-A481B0035864}.Debug|Any CPU.Build.0 = Debug|Any CPU
		{C4230B68-23BF-4C4A-97EF-A481B0035864}.Release|Any CPU.ActiveCfg = Release|Any CPU
		{C4230B68-23BF-4C4A-97EF-A481B0035864}.Release|Any CPU.Build.0 = Release|Any CPU
		{1FCF6D86-2336-4DBE-8653-736BFC229ABD}.Debug|Any CPU.ActiveCfg = Debug|Any CPU
		{1FCF6D86-2336-4DBE-8653-736BFC229ABD}.Debug|Any CPU.Build.0 = Debug|Any CPU
		{1FCF6D86-2336-4DBE-8653-736BFC229ABD}.Release|Any CPU.ActiveCfg = Release|Any CPU
		{1FCF6D86-2336-4DBE-8653-736BFC229ABD}.Release|Any CPU.Build.0 = Release|Any CPU
		{801363BB-D462-409B-AED2-A463732CA2F3}.Debug|Any CPU.ActiveCfg = Debug|Any CPU
		{801363BB-D462-409B-AED2-A463732CA2F3}.Debug|Any CPU.Build.0 = Debug|Any CPU
		{801363BB-D462-409B-AED2-A463732CA2F3}.Release|Any CPU.ActiveCfg = Release|Any CPU
		{801363BB-D462-409B-AED2-A463732CA2F3}.Release|Any CPU.Build.0 = Release|Any CPU
		{40CAC8EA-F4E1-46E7-A897-91E5AA21760E}.Debug|Any CPU.ActiveCfg = Debug|Any CPU
		{40CAC8EA-F4E1-46E7-A897-91E5AA21760E}.Debug|Any CPU.Build.0 = Debug|Any CPU
		{40CAC8EA-F4E1-46E7-A897-91E5AA21760E}.Release|Any CPU.ActiveCfg = Release|Any CPU
		{40CAC8EA-F4E1-46E7-A897-91E5AA21760E}.Release|Any CPU.Build.0 = Release|Any CPU
		{FE8CFE5C-C8B5-41F3-B22F-6E44A24F37B7}.Debug|Any CPU.ActiveCfg = Debug|Any CPU
		{FE8CFE5C-C8B5-41F3-B22F-6E44A24F37B7}.Debug|Any CPU.Build.0 = Debug|Any CPU
		{FE8CFE5C-C8B5-41F3-B22F-6E44A24F37B7}.Release|Any CPU.ActiveCfg = Release|Any CPU
		{FE8CFE5C-C8B5-41F3-B22F-6E44A24F37B7}.Release|Any CPU.Build.0 = Release|Any CPU
		{FFECBBD1-324A-4112-8B9C-1C5457C1C676}.Debug|Any CPU.ActiveCfg = Debug|Any CPU
		{FFECBBD1-324A-4112-8B9C-1C5457C1C676}.Debug|Any CPU.Build.0 = Debug|Any CPU
		{FFECBBD1-324A-4112-8B9C-1C5457C1C676}.Release|Any CPU.ActiveCfg = Release|Any CPU
		{FFECBBD1-324A-4112-8B9C-1C5457C1C676}.Release|Any CPU.Build.0 = Release|Any CPU
		{12F3DB15-BE24-4922-8ED4-D6C389A4A561}.Debug|Any CPU.ActiveCfg = Debug|Any CPU
		{12F3DB15-BE24-4922-8ED4-D6C389A4A561}.Debug|Any CPU.Build.0 = Debug|Any CPU
		{12F3DB15-BE24-4922-8ED4-D6C389A4A561}.Release|Any CPU.ActiveCfg = Release|Any CPU
		{12F3DB15-BE24-4922-8ED4-D6C389A4A561}.Release|Any CPU.Build.0 = Release|Any CPU
		{CDB8AE56-4880-427B-8046-D6B9EA7ECC2F}.Debug|Any CPU.ActiveCfg = Debug|Any CPU
		{CDB8AE56-4880-427B-8046-D6B9EA7ECC2F}.Debug|Any CPU.Build.0 = Debug|Any CPU
		{CDB8AE56-4880-427B-8046-D6B9EA7ECC2F}.Release|Any CPU.ActiveCfg = Release|Any CPU
		{CDB8AE56-4880-427B-8046-D6B9EA7ECC2F}.Release|Any CPU.Build.0 = Release|Any CPU
		{7E0556D3-BDD3-43AC-897C-8A52339BD442}.Debug|Any CPU.ActiveCfg = Debug|Any CPU
		{7E0556D3-BDD3-43AC-897C-8A52339BD442}.Debug|Any CPU.Build.0 = Debug|Any CPU
		{7E0556D3-BDD3-43AC-897C-8A52339BD442}.Release|Any CPU.ActiveCfg = Release|Any CPU
		{7E0556D3-BDD3-43AC-897C-8A52339BD442}.Release|Any CPU.Build.0 = Release|Any CPU
		{3B8013D1-B427-4500-AD0D-E6DCFF94A7F9}.Debug|Any CPU.ActiveCfg = Debug|Any CPU
		{3B8013D1-B427-4500-AD0D-E6DCFF94A7F9}.Debug|Any CPU.Build.0 = Debug|Any CPU
		{3B8013D1-B427-4500-AD0D-E6DCFF94A7F9}.Release|Any CPU.ActiveCfg = Release|Any CPU
		{3B8013D1-B427-4500-AD0D-E6DCFF94A7F9}.Release|Any CPU.Build.0 = Release|Any CPU
		{F073CF49-78B0-4711-88C8-8DCD6E43730B}.Debug|Any CPU.ActiveCfg = Debug|Any CPU
		{F073CF49-78B0-4711-88C8-8DCD6E43730B}.Debug|Any CPU.Build.0 = Debug|Any CPU
		{F073CF49-78B0-4711-88C8-8DCD6E43730B}.Release|Any CPU.ActiveCfg = Release|Any CPU
		{F073CF49-78B0-4711-88C8-8DCD6E43730B}.Release|Any CPU.Build.0 = Release|Any CPU
		{614EFC50-ABA6-3535-F3AF-7FAC87BC1F7F}.Debug|Any CPU.ActiveCfg = Debug|Any CPU
		{614EFC50-ABA6-3535-F3AF-7FAC87BC1F7F}.Debug|Any CPU.Build.0 = Debug|Any CPU
		{614EFC50-ABA6-3535-F3AF-7FAC87BC1F7F}.Release|Any CPU.ActiveCfg = Release|Any CPU
		{614EFC50-ABA6-3535-F3AF-7FAC87BC1F7F}.Release|Any CPU.Build.0 = Release|Any CPU
		{D6DA0A69-05A2-4413-C33F-FAE10CAABCFC}.Debug|Any CPU.ActiveCfg = Debug|Any CPU
		{D6DA0A69-05A2-4413-C33F-FAE10CAABCFC}.Debug|Any CPU.Build.0 = Debug|Any CPU
		{D6DA0A69-05A2-4413-C33F-FAE10CAABCFC}.Release|Any CPU.ActiveCfg = Release|Any CPU
		{D6DA0A69-05A2-4413-C33F-FAE10CAABCFC}.Release|Any CPU.Build.0 = Release|Any CPU
		{BB9BDDC0-51D5-4A84-9CB2-AD1577E3428E}.Debug|Any CPU.ActiveCfg = Debug|Any CPU
		{BB9BDDC0-51D5-4A84-9CB2-AD1577E3428E}.Debug|Any CPU.Build.0 = Debug|Any CPU
		{BB9BDDC0-51D5-4A84-9CB2-AD1577E3428E}.Release|Any CPU.ActiveCfg = Release|Any CPU
		{BB9BDDC0-51D5-4A84-9CB2-AD1577E3428E}.Release|Any CPU.Build.0 = Release|Any CPU
	EndGlobalSection
	GlobalSection(SolutionProperties) = preSolution
		HideSolutionNode = FALSE
	EndGlobalSection
	GlobalSection(NestedProjects) = preSolution
		{0912A8F9-E884-48E2-BB1A-A13CD87FFE92} = {AC8D3EC3-35C1-41D1-80A9-A516B5E9E998}
		{BD3754AD-E7DB-476D-9DCD-2CCC8C29329A} = {AC8D3EC3-35C1-41D1-80A9-A516B5E9E998}
		{0E07E900-C3F9-4B1C-B081-F1182ED15EAB} = {AC8D3EC3-35C1-41D1-80A9-A516B5E9E998}
		{EF629378-021B-44F5-8188-3289F1FDEC84} = {289B986F-4CDA-4932-A9A7-92186579766E}
		{B87C252B-DAB4-4ABB-8835-42705D97E1BD} = {0EEC5DF4-A667-4121-AFAB-DBFF1938469E}
		{C4230B68-23BF-4C4A-97EF-A481B0035864} = {AC8D3EC3-35C1-41D1-80A9-A516B5E9E998}
		{1FCF6D86-2336-4DBE-8653-736BFC229ABD} = {AC8D3EC3-35C1-41D1-80A9-A516B5E9E998}
		{801363BB-D462-409B-AED2-A463732CA2F3} = {0EEC5DF4-A667-4121-AFAB-DBFF1938469E}
		{40CAC8EA-F4E1-46E7-A897-91E5AA21760E} = {289B986F-4CDA-4932-A9A7-92186579766E}
		{FE8CFE5C-C8B5-41F3-B22F-6E44A24F37B7} = {0EEC5DF4-A667-4121-AFAB-DBFF1938469E}
		{FFECBBD1-324A-4112-8B9C-1C5457C1C676} = {289B986F-4CDA-4932-A9A7-92186579766E}
		{12F3DB15-BE24-4922-8ED4-D6C389A4A561} = {5BD36F5B-D515-45A4-A510-30012BE529A4}
		{CDB8AE56-4880-427B-8046-D6B9EA7ECC2F} = {752C059A-F2AF-413A-8777-31B91544C1B3}
		{0EEC5DF4-A667-4121-AFAB-DBFF1938469E} = {E39135D1-F3C9-4C4F-A37D-87D46BE276CC}
		{289B986F-4CDA-4932-A9A7-92186579766E} = {E39135D1-F3C9-4C4F-A37D-87D46BE276CC}
		{752C059A-F2AF-413A-8777-31B91544C1B3} = {E39135D1-F3C9-4C4F-A37D-87D46BE276CC}
		{5BD36F5B-D515-45A4-A510-30012BE529A4} = {E39135D1-F3C9-4C4F-A37D-87D46BE276CC}
		{65A0ACA5-3C47-48B6-94E5-503AD1597D19} = {E39135D1-F3C9-4C4F-A37D-87D46BE276CC}
		{7E0556D3-BDD3-43AC-897C-8A52339BD442} = {65A0ACA5-3C47-48B6-94E5-503AD1597D19}
		{AC8D3EC3-35C1-41D1-80A9-A516B5E9E998} = {4BAB472A-DFBB-4C28-AFD7-6757CEB7D13E}
		{3B8013D1-B427-4500-AD0D-E6DCFF94A7F9} = {E39135D1-F3C9-4C4F-A37D-87D46BE276CC}
		{F073CF49-78B0-4711-88C8-8DCD6E43730B} = {4BAB472A-DFBB-4C28-AFD7-6757CEB7D13E}
		{614EFC50-ABA6-3535-F3AF-7FAC87BC1F7F} = {4BAB472A-DFBB-4C28-AFD7-6757CEB7D13E}
		{D6DA0A69-05A2-4413-C33F-FAE10CAABCFC} = {4BAB472A-DFBB-4C28-AFD7-6757CEB7D13E}
		{BB9BDDC0-51D5-4A84-9CB2-AD1577E3428E} = {4BAB472A-DFBB-4C28-AFD7-6757CEB7D13E}
	EndGlobalSection
	GlobalSection(ExtensibilityGlobals) = postSolution
		SolutionGuid = {1CE5CEC2-7712-47C6-84C3-27561F70FB19}
	EndGlobalSection
EndGlobal
